// !$*UTF8*$!
{
	archiveVersion = 1;
	classes = {
	};
	objectVersion = 46;
	objects = {

/* Begin PBXBuildFile section */
		13B07FBC1A68108700A75B9A /* AppDelegate.m in Sources */ = {isa = PBXBuildFile; fileRef = 13B07FB01A68108700A75B9A /* AppDelegate.m */; };
		13B07FBD1A68108700A75B9A /* LaunchScreen.xib in Resources */ = {isa = PBXBuildFile; fileRef = 13B07FB11A68108700A75B9A /* LaunchScreen.xib */; };
		13B07FBF1A68108700A75B9A /* Images.xcassets in Resources */ = {isa = PBXBuildFile; fileRef = 13B07FB51A68108700A75B9A /* Images.xcassets */; };
		13B07FC11A68108700A75B9A /* main.m in Sources */ = {isa = PBXBuildFile; fileRef = 13B07FB71A68108700A75B9A /* main.m */; };
		3E0EB05B238DEDC90078D5A0 /* SF-Pro-Display-Black.otf in Resources */ = {isa = PBXBuildFile; fileRef = 3E0EB05A238DEDC90078D5A0 /* SF-Pro-Display-Black.otf */; };
		3E5E3FC523883A46002DC75A /* SF-Pro-Display-Regular.otf in Resources */ = {isa = PBXBuildFile; fileRef = 3E5E3FC323883A46002DC75A /* SF-Pro-Display-Regular.otf */; };
		3E5E3FC623883A46002DC75A /* SF-Pro-Display-Medium.otf in Resources */ = {isa = PBXBuildFile; fileRef = 3E5E3FC423883A46002DC75A /* SF-Pro-Display-Medium.otf */; };
		3E7A871223D8328E00457EEF /* RSA.swift in Sources */ = {isa = PBXBuildFile; fileRef = 3E7A871123D8328E00457EEF /* RSA.swift */; };
		3E7A871423D832AB00457EEF /* RSAConverter.swift in Sources */ = {isa = PBXBuildFile; fileRef = 3E7A871323D832AB00457EEF /* RSAConverter.swift */; };
		3E7A871623D832C000457EEF /* RSA.m in Sources */ = {isa = PBXBuildFile; fileRef = 3E7A871523D832C000457EEF /* RSA.m */; };
		3E80739F2437E80900798CE5 /* SF-Pro-Display-BlackItalic.otf in Resources */ = {isa = PBXBuildFile; fileRef = 3E80739E2437E80900798CE5 /* SF-Pro-Display-BlackItalic.otf */; };
		3E9412D32388466E000FDAC0 /* SF-Pro-Display-Light.otf in Resources */ = {isa = PBXBuildFile; fileRef = 3E9412D12388466E000FDAC0 /* SF-Pro-Display-Light.otf */; };
		3E9412D42388466E000FDAC0 /* SF-Pro-Display-Bold.otf in Resources */ = {isa = PBXBuildFile; fileRef = 3E9412D22388466E000FDAC0 /* SF-Pro-Display-Bold.otf */; };
		3EB476BF2386596500605248 /* SamsungSharpSans-Bold.ttf in Resources */ = {isa = PBXBuildFile; fileRef = 3EB476BE2386596500605248 /* SamsungSharpSans-Bold.ttf */; };
		B903A7A8AA99D93F818F844B /* libPods-ElitePlusApp.a in Frameworks */ = {isa = PBXBuildFile; fileRef = 7CCF57A7B155394841D2C9F1 /* libPods-ElitePlusApp.a */; };
		E27A3B3F23F2D20D00CDC2BD /* RNAppStoreReview.m in Sources */ = {isa = PBXBuildFile; fileRef = E27A3B3E23F2D20C00CDC2BD /* RNAppStoreReview.m */; };
		EA132F0623ED42BD000061F9 /* ReadImageData.m in Sources */ = {isa = PBXBuildFile; fileRef = EA132F0523ED42BD000061F9 /* ReadImageData.m */; };
/* End PBXBuildFile section */

/* Begin PBXFileReference section */
		008F07F21AC5B25A0029DE68 /* main.jsbundle */ = {isa = PBXFileReference; fileEncoding = 4; lastKnownFileType = text; path = main.jsbundle; sourceTree = "<group>"; };
		13B07F961A680F5B00A75B9A /* ElitePlusApp.app */ = {isa = PBXFileReference; explicitFileType = wrapper.application; includeInIndex = 0; path = ElitePlusApp.app; sourceTree = BUILT_PRODUCTS_DIR; };
		13B07FAF1A68108700A75B9A /* AppDelegate.h */ = {isa = PBXFileReference; fileEncoding = 4; lastKnownFileType = sourcecode.c.h; name = AppDelegate.h; path = ElitePlusApp/AppDelegate.h; sourceTree = "<group>"; };
		13B07FB01A68108700A75B9A /* AppDelegate.m */ = {isa = PBXFileReference; fileEncoding = 4; lastKnownFileType = sourcecode.c.objc; name = AppDelegate.m; path = ElitePlusApp/AppDelegate.m; sourceTree = "<group>"; };
		13B07FB21A68108700A75B9A /* Base */ = {isa = PBXFileReference; lastKnownFileType = file.xib; name = Base; path = Base.lproj/LaunchScreen.xib; sourceTree = "<group>"; };
		13B07FB51A68108700A75B9A /* Images.xcassets */ = {isa = PBXFileReference; lastKnownFileType = folder.assetcatalog; name = Images.xcassets; path = ElitePlusApp/Images.xcassets; sourceTree = "<group>"; };
		13B07FB61A68108700A75B9A /* Info.plist */ = {isa = PBXFileReference; fileEncoding = 4; lastKnownFileType = text.plist.xml; name = Info.plist; path = ElitePlusApp/Info.plist; sourceTree = "<group>"; };
		13B07FB71A68108700A75B9A /* main.m */ = {isa = PBXFileReference; fileEncoding = 4; lastKnownFileType = sourcecode.c.objc; name = main.m; path = ElitePlusApp/main.m; sourceTree = "<group>"; };
		3CDA9ADECACB481D21F9AF23 /* Pods-ElitePlusApp.release.xcconfig */ = {isa = PBXFileReference; includeInIndex = 1; lastKnownFileType = text.xcconfig; name = "Pods-ElitePlusApp.release.xcconfig"; path = "Target Support Files/Pods-ElitePlusApp/Pods-ElitePlusApp.release.xcconfig"; sourceTree = "<group>"; };
		3E0EB05A238DEDC90078D5A0 /* SF-Pro-Display-Black.otf */ = {isa = PBXFileReference; lastKnownFileType = file; path = "SF-Pro-Display-Black.otf"; sourceTree = "<group>"; };
		3E325ACC2357DC6A00C84076 /* GoogleService-Info.plist */ = {isa = PBXFileReference; fileEncoding = 4; lastKnownFileType = text.plist.xml; path = "GoogleService-Info.plist"; sourceTree = "<group>"; };
		3E325ACE2357DC6A00C84076 /* GoogleService-Info.plist */ = {isa = PBXFileReference; fileEncoding = 4; lastKnownFileType = text.plist.xml; path = "GoogleService-Info.plist"; sourceTree = "<group>"; };
		3E5E3FC323883A46002DC75A /* SF-Pro-Display-Regular.otf */ = {isa = PBXFileReference; lastKnownFileType = file; path = "SF-Pro-Display-Regular.otf"; sourceTree = "<group>"; };
		3E5E3FC423883A46002DC75A /* SF-Pro-Display-Medium.otf */ = {isa = PBXFileReference; lastKnownFileType = file; path = "SF-Pro-Display-Medium.otf"; sourceTree = "<group>"; };
		3E60964A241837DE000140BA /* ElitePlusApp.entitlements */ = {isa = PBXFileReference; lastKnownFileType = text.plist.entitlements; name = ElitePlusApp.entitlements; path = ElitePlusApp/ElitePlusApp.entitlements; sourceTree = "<group>"; };
		3E7A871023D8328E00457EEF /* ElitePlusApp-Bridging-Header.h */ = {isa = PBXFileReference; lastKnownFileType = sourcecode.c.h; path = "ElitePlusApp-Bridging-Header.h"; sourceTree = "<group>"; };
		3E7A871123D8328E00457EEF /* RSA.swift */ = {isa = PBXFileReference; lastKnownFileType = sourcecode.swift; path = RSA.swift; sourceTree = "<group>"; };
		3E7A871323D832AB00457EEF /* RSAConverter.swift */ = {isa = PBXFileReference; lastKnownFileType = sourcecode.swift; path = RSAConverter.swift; sourceTree = "<group>"; };
		3E7A871523D832C000457EEF /* RSA.m */ = {isa = PBXFileReference; lastKnownFileType = sourcecode.c.objc; path = RSA.m; sourceTree = "<group>"; };
		3E80739E2437E80900798CE5 /* SF-Pro-Display-BlackItalic.otf */ = {isa = PBXFileReference; lastKnownFileType = file; path = "SF-Pro-Display-BlackItalic.otf"; sourceTree = "<group>"; };
		3E9412D12388466E000FDAC0 /* SF-Pro-Display-Light.otf */ = {isa = PBXFileReference; lastKnownFileType = file; path = "SF-Pro-Display-Light.otf"; sourceTree = "<group>"; };
		3E9412D22388466E000FDAC0 /* SF-Pro-Display-Bold.otf */ = {isa = PBXFileReference; lastKnownFileType = file; path = "SF-Pro-Display-Bold.otf"; sourceTree = "<group>"; };
		3E984AD2242D9798002DC9AD /* GoogleService-Info.plist */ = {isa = PBXFileReference; fileEncoding = 4; lastKnownFileType = text.plist.xml; path = "GoogleService-Info.plist"; sourceTree = "<group>"; };
		3EB476BE2386596500605248 /* SamsungSharpSans-Bold.ttf */ = {isa = PBXFileReference; lastKnownFileType = file; path = "SamsungSharpSans-Bold.ttf"; sourceTree = "<group>"; };
		7CCF57A7B155394841D2C9F1 /* libPods-ElitePlusApp.a */ = {isa = PBXFileReference; explicitFileType = archive.ar; includeInIndex = 0; path = "libPods-ElitePlusApp.a"; sourceTree = BUILT_PRODUCTS_DIR; };
		91ED3523D342441CE9551C5B /* Pods-ElitePlusApp.debug.xcconfig */ = {isa = PBXFileReference; includeInIndex = 1; lastKnownFileType = text.xcconfig; name = "Pods-ElitePlusApp.debug.xcconfig"; path = "Target Support Files/Pods-ElitePlusApp/Pods-ElitePlusApp.debug.xcconfig"; sourceTree = "<group>"; };
		E27A3B3D23F2D20C00CDC2BD /* RNAppStoreReview.h */ = {isa = PBXFileReference; fileEncoding = 4; lastKnownFileType = sourcecode.c.h; path = RNAppStoreReview.h; sourceTree = "<group>"; };
		E27A3B3E23F2D20C00CDC2BD /* RNAppStoreReview.m */ = {isa = PBXFileReference; fileEncoding = 4; lastKnownFileType = sourcecode.c.objc; path = RNAppStoreReview.m; sourceTree = "<group>"; };
		EA132F0523ED42BD000061F9 /* ReadImageData.m */ = {isa = PBXFileReference; fileEncoding = 4; lastKnownFileType = sourcecode.c.objc; name = ReadImageData.m; path = ElitePlusApp/ReadImageData.m; sourceTree = "<group>"; };
		ED297162215061F000B7C4FE /* JavaScriptCore.framework */ = {isa = PBXFileReference; lastKnownFileType = wrapper.framework; name = JavaScriptCore.framework; path = System/Library/Frameworks/JavaScriptCore.framework; sourceTree = SDKROOT; };
		ED2971642150620600B7C4FE /* JavaScriptCore.framework */ = {isa = PBXFileReference; lastKnownFileType = wrapper.framework; name = JavaScriptCore.framework; path = Platforms/AppleTVOS.platform/Developer/SDKs/AppleTVOS12.0.sdk/System/Library/Frameworks/JavaScriptCore.framework; sourceTree = DEVELOPER_DIR; };
/* End PBXFileReference section */

/* Begin PBXFrameworksBuildPhase section */
		13B07F8C1A680F5B00A75B9A /* Frameworks */ = {
			isa = PBXFrameworksBuildPhase;
			buildActionMask = 2147483647;
			files = (
				B903A7A8AA99D93F818F844B /* libPods-ElitePlusApp.a in Frameworks */,
			);
			runOnlyForDeploymentPostprocessing = 0;
		};
/* End PBXFrameworksBuildPhase section */

/* Begin PBXGroup section */
		13B07FAE1A68108700A75B9A /* ElitePlusApp */ = {
			isa = PBXGroup;
			children = (
				3E60964A241837DE000140BA /* ElitePlusApp.entitlements */,
				3E325ACA2357DC6A00C84076 /* Firebase */,
				3EB476BD2386596500605248 /* Fonts */,
				008F07F21AC5B25A0029DE68 /* main.jsbundle */,
				13B07FAF1A68108700A75B9A /* AppDelegate.h */,
				13B07FB01A68108700A75B9A /* AppDelegate.m */,
				13B07FB51A68108700A75B9A /* Images.xcassets */,
				13B07FB61A68108700A75B9A /* Info.plist */,
				13B07FB11A68108700A75B9A /* LaunchScreen.xib */,
				13B07FB71A68108700A75B9A /* main.m */,
				3E7A871123D8328E00457EEF /* RSA.swift */,
				3E7A871023D8328E00457EEF /* ElitePlusApp-Bridging-Header.h */,
				3E7A871323D832AB00457EEF /* RSAConverter.swift */,
				3E7A871523D832C000457EEF /* RSA.m */,
			);
			name = ElitePlusApp;
			sourceTree = "<group>";
		};
		2D16E6871FA4F8E400B85C8A /* Frameworks */ = {
			isa = PBXGroup;
			children = (
				ED297162215061F000B7C4FE /* JavaScriptCore.framework */,
				ED2971642150620600B7C4FE /* JavaScriptCore.framework */,
				7CCF57A7B155394841D2C9F1 /* libPods-ElitePlusApp.a */,
			);
			name = Frameworks;
			sourceTree = "<group>";
		};
		3E325ACA2357DC6A00C84076 /* Firebase */ = {
			isa = PBXGroup;
			children = (
				3E984AD1242D9798002DC9AD /* Stage */,
				3E325ACB2357DC6A00C84076 /* Prod */,
				3E325ACD2357DC6A00C84076 /* Dev */,
			);
			name = Firebase;
			path = ElitePlusApp/Firebase;
			sourceTree = "<group>";
		};
		3E325ACB2357DC6A00C84076 /* Prod */ = {
			isa = PBXGroup;
			children = (
				3E325ACC2357DC6A00C84076 /* GoogleService-Info.plist */,
			);
			path = Prod;
			sourceTree = "<group>";
		};
		3E325ACD2357DC6A00C84076 /* Dev */ = {
			isa = PBXGroup;
			children = (
				3E325ACE2357DC6A00C84076 /* GoogleService-Info.plist */,
			);
			path = Dev;
			sourceTree = "<group>";
		};
		3E984AD1242D9798002DC9AD /* Stage */ = {
			isa = PBXGroup;
			children = (
				3E984AD2242D9798002DC9AD /* GoogleService-Info.plist */,
			);
			path = Stage;
			sourceTree = "<group>";
		};
		3EB476BD2386596500605248 /* Fonts */ = {
			isa = PBXGroup;
			children = (
				3E80739E2437E80900798CE5 /* SF-Pro-Display-BlackItalic.otf */,
				3EB476BE2386596500605248 /* SamsungSharpSans-Bold.ttf */,
				3E0EB05A238DEDC90078D5A0 /* SF-Pro-Display-Black.otf */,
				3E9412D12388466E000FDAC0 /* SF-Pro-Display-Light.otf */,
				3E5E3FC323883A46002DC75A /* SF-Pro-Display-Regular.otf */,
				3E5E3FC423883A46002DC75A /* SF-Pro-Display-Medium.otf */,
				3E9412D22388466E000FDAC0 /* SF-Pro-Display-Bold.otf */,
			);
			name = Fonts;
			path = ElitePlusApp/Fonts;
			sourceTree = "<group>";
		};
		832341AE1AAA6A7D00B99B32 /* Libraries */ = {
			isa = PBXGroup;
			children = (
				EA132F0523ED42BD000061F9 /* ReadImageData.m */,
				E27A3B3D23F2D20C00CDC2BD /* RNAppStoreReview.h */,
				E27A3B3E23F2D20C00CDC2BD /* RNAppStoreReview.m */,
			);
			name = Libraries;
			sourceTree = "<group>";
		};
		83CBB9F61A601CBA00E9B192 = {
			isa = PBXGroup;
			children = (
				13B07FAE1A68108700A75B9A /* ElitePlusApp */,
				832341AE1AAA6A7D00B99B32 /* Libraries */,
				83CBBA001A601CBA00E9B192 /* Products */,
				2D16E6871FA4F8E400B85C8A /* Frameworks */,
				9C2FC42597F901D5A2EE852D /* Pods */,
			);
			indentWidth = 2;
			sourceTree = "<group>";
			tabWidth = 2;
			usesTabs = 0;
		};
		83CBBA001A601CBA00E9B192 /* Products */ = {
			isa = PBXGroup;
			children = (
				13B07F961A680F5B00A75B9A /* ElitePlusApp.app */,
			);
			name = Products;
			sourceTree = "<group>";
		};
		9C2FC42597F901D5A2EE852D /* Pods */ = {
			isa = PBXGroup;
			children = (
				91ED3523D342441CE9551C5B /* Pods-ElitePlusApp.debug.xcconfig */,
				3CDA9ADECACB481D21F9AF23 /* Pods-ElitePlusApp.release.xcconfig */,
			);
			path = Pods;
			sourceTree = "<group>";
		};
/* End PBXGroup section */

/* Begin PBXLegacyTarget section */
		3E3E5DC62357E255003FE75F /* build-env */ = {
			isa = PBXLegacyTarget;
			buildArgumentsString = "$(ACTION)";
			buildConfigurationList = 3E3E5DC92357E255003FE75F /* Build configuration list for PBXLegacyTarget "build-env" */;
			buildPhases = (
			);
			buildToolPath = "${SRCROOT}/../scripts/build-env.sh";
			buildWorkingDirectory = "${SRCROOT}/..";
			dependencies = (
			);
			name = "build-env";
			passBuildSettingsInEnvironment = 1;
			productName = "build-env";
		};
/* End PBXLegacyTarget section */

/* Begin PBXNativeTarget section */
		13B07F861A680F5B00A75B9A /* ElitePlusApp */ = {
			isa = PBXNativeTarget;
			buildConfigurationList = 13B07F931A680F5B00A75B9A /* Build configuration list for PBXNativeTarget "ElitePlusApp" */;
			buildPhases = (
				21037FFE963391DF2C5B4CEE /* [CP] Check Pods Manifest.lock */,
				FD10A7F022414F080027D42C /* Start Packager */,
				13B07F871A680F5B00A75B9A /* Sources */,
				13B07F8C1A680F5B00A75B9A /* Frameworks */,
				3E325AFB2357DC9C00C84076 /* Copy GoogleService-Info.plist */,
				13B07F8E1A680F5B00A75B9A /* Resources */,
				00DD1BFF1BD5951E006B06BC /* Bundle React Native code and images */,
				65E63F17F00318677FB06622 /* [CP] Copy Pods Resources */,
				3E77493D246B2DCD001EEF46 /* Crashlytics run script */,
			);
			buildRules = (
			);
			dependencies = (
			);
			name = ElitePlusApp;
			productName = ElitePlusApp;
			productReference = 13B07F961A680F5B00A75B9A /* ElitePlusApp.app */;
			productType = "com.apple.product-type.application";
		};
/* End PBXNativeTarget section */

/* Begin PBXProject section */
		83CBB9F71A601CBA00E9B192 /* Project object */ = {
			isa = PBXProject;
			attributes = {
				LastUpgradeCheck = 0940;
				ORGANIZATIONNAME = Facebook;
				TargetAttributes = {
					13B07F861A680F5B00A75B9A = {
						DevelopmentTeam = 3JU72Z7Y3J;
						LastSwiftMigration = 1100;
					};
					3E3E5DC62357E255003FE75F = {
						CreatedOnToolsVersion = 11.0;
						DevelopmentTeam = 3JU72Z7Y3J;
						ProvisioningStyle = Automatic;
					};
				};
			};
			buildConfigurationList = 83CBB9FA1A601CBA00E9B192 /* Build configuration list for PBXProject "ElitePlusApp" */;
			compatibilityVersion = "Xcode 3.2";
			developmentRegion = English;
			hasScannedForEncodings = 0;
			knownRegions = (
				English,
				en,
				Base,
			);
			mainGroup = 83CBB9F61A601CBA00E9B192;
			productRefGroup = 83CBBA001A601CBA00E9B192 /* Products */;
			projectDirPath = "";
			projectRoot = "";
			targets = (
				13B07F861A680F5B00A75B9A /* ElitePlusApp */,
				3E3E5DC62357E255003FE75F /* build-env */,
			);
		};
/* End PBXProject section */

/* Begin PBXResourcesBuildPhase section */
		13B07F8E1A680F5B00A75B9A /* Resources */ = {
			isa = PBXResourcesBuildPhase;
			buildActionMask = 2147483647;
			files = (
				13B07FBD1A68108700A75B9A /* LaunchScreen.xib in Resources */,
				13B07FBF1A68108700A75B9A /* Images.xcassets in Resources */,
				3EB476BF2386596500605248 /* SamsungSharpSans-Bold.ttf in Resources */,
				3E0EB05B238DEDC90078D5A0 /* SF-Pro-Display-Black.otf in Resources */,
				3E80739F2437E80900798CE5 /* SF-Pro-Display-BlackItalic.otf in Resources */,
				3E9412D32388466E000FDAC0 /* SF-Pro-Display-Light.otf in Resources */,
				3E5E3FC523883A46002DC75A /* SF-Pro-Display-Regular.otf in Resources */,
				3E5E3FC623883A46002DC75A /* SF-Pro-Display-Medium.otf in Resources */,
				3E9412D42388466E000FDAC0 /* SF-Pro-Display-Bold.otf in Resources */,
			);
			runOnlyForDeploymentPostprocessing = 0;
		};
/* End PBXResourcesBuildPhase section */

/* Begin PBXShellScriptBuildPhase section */
		00DD1BFF1BD5951E006B06BC /* Bundle React Native code and images */ = {
			isa = PBXShellScriptBuildPhase;
			buildActionMask = 2147483647;
			files = (
			);
			inputPaths = (
			);
			name = "Bundle React Native code and images";
			outputPaths = (
			);
			runOnlyForDeploymentPostprocessing = 0;
			shellPath = /bin/sh;
			shellScript = "if [ \"${CONFIGURATION}\" == \"Debug\" ]; then\n export SKIP_BUNDLING=true\nfi\n\nexport NODE_BINARY=node\n../node_modules/react-native/scripts/react-native-xcode.sh\n";
		};
		21037FFE963391DF2C5B4CEE /* [CP] Check Pods Manifest.lock */ = {
			isa = PBXShellScriptBuildPhase;
			buildActionMask = 2147483647;
			files = (
			);
			inputFileListPaths = (
			);
			inputPaths = (
				"${PODS_PODFILE_DIR_PATH}/Podfile.lock",
				"${PODS_ROOT}/Manifest.lock",
			);
			name = "[CP] Check Pods Manifest.lock";
			outputFileListPaths = (
			);
			outputPaths = (
				"$(DERIVED_FILE_DIR)/Pods-ElitePlusApp-checkManifestLockResult.txt",
			);
			runOnlyForDeploymentPostprocessing = 0;
			shellPath = /bin/sh;
			shellScript = "diff \"${PODS_PODFILE_DIR_PATH}/Podfile.lock\" \"${PODS_ROOT}/Manifest.lock\" > /dev/null\nif [ $? != 0 ] ; then\n    # print error to STDERR\n    echo \"error: The sandbox is not in sync with the Podfile.lock. Run 'pod install' or update your CocoaPods installation.\" >&2\n    exit 1\nfi\n# This output is used by Xcode 'outputs' to avoid re-running this script phase.\necho \"SUCCESS\" > \"${SCRIPT_OUTPUT_FILE_0}\"\n";
			showEnvVarsInLog = 0;
		};
		3E325AFB2357DC9C00C84076 /* Copy GoogleService-Info.plist */ = {
			isa = PBXShellScriptBuildPhase;
			buildActionMask = 2147483647;
			files = (
			);
			inputFileListPaths = (
			);
			inputPaths = (
			);
			name = "Copy GoogleService-Info.plist";
			outputFileListPaths = (
			);
			outputPaths = (
			);
			runOnlyForDeploymentPostprocessing = 0;
			shellPath = /bin/sh;
			shellScript = "# Name of the resource we're selectively copying\nGOOGLESERVICE_INFO_PLIST=GoogleService-Info.plist\n\n# Get references to dev and prod versions of the GoogleService-Info.plist\n# NOTE: These should only live on the file system and should NOT be part of the target (since we'll be adding them to the target manually)\nGOOGLESERVICE_INFO_DEV=${PROJECT_DIR}/${TARGET_NAME}/Firebase/Dev/${GOOGLESERVICE_INFO_PLIST}\nGOOGLESERVICE_INFO_STAGE=${PROJECT_DIR}/${TARGET_NAME}/Firebase/Stage/${GOOGLESERVICE_INFO_PLIST}\nGOOGLESERVICE_INFO_PROD=${PROJECT_DIR}/${TARGET_NAME}/Firebase/Prod/${GOOGLESERVICE_INFO_PLIST}\n\n# Make sure the dev version of GoogleService-Info.plist exists\necho \"Looking for ${GOOGLESERVICE_INFO_PLIST} in ${GOOGLESERVICE_INFO_DEV}\"\nif [ ! -f $GOOGLESERVICE_INFO_DEV ]\nthen\necho \"No Development GoogleService-Info.plist found. Please ensure it's in the proper directory.\"\nexit 1\nfi\n\n# Make sure the stage version of GoogleService-Info.plist exists\necho \"Looking for ${GOOGLESERVICE_INFO_PLIST} in ${GOOGLESERVICE_INFO_STAGE}\"\nif [ ! -f $GOOGLESERVICE_INFO_STAGE ]\nthen\necho \"No Stage GoogleService-Info.plist found. Please ensure it's in the proper directory.\"\nexit 1\nfi\n\n# Make sure the prod version of GoogleService-Info.plist exists\necho \"Looking for ${GOOGLESERVICE_INFO_PLIST} in ${GOOGLESERVICE_INFO_PROD}\"\nif [ ! -f $GOOGLESERVICE_INFO_PROD ]\nthen\necho \"No Production GoogleService-Info.plist found. Please ensure it's in the proper directory.\"\nexit 1\nfi\n\n# Get a reference to the destination location for the GoogleService-Info.plist\nPLIST_DESTINATION=${BUILT_PRODUCTS_DIR}/${PRODUCT_NAME}.app\necho \"Will copy ${GOOGLESERVICE_INFO_PLIST} to final destination: ${PLIST_DESTINATION}\"\n\nSCHEME_NAME=`cat ${SCHEME_FILE}`\n\n# Copy over the prod GoogleService-Info.plist for Release builds\nif [ \"${SCHEME_NAME}\" == \"Prod\" ]\nthen\necho \"Using ${GOOGLESERVICE_INFO_PROD}\"\ncp \"${GOOGLESERVICE_INFO_PROD}\" \"${PLIST_DESTINATION}\"\nelif [ \"${SCHEME_NAME}\" == \"Stage\" ]\nthen\necho \"Using ${GOOGLESERVICE_INFO_STAGE}\"\ncp \"${GOOGLESERVICE_INFO_STAGE}\" \"${PLIST_DESTINATION}\"\nelse\necho \"Using ${GOOGLESERVICE_INFO_DEV}\"\ncp \"${GOOGLESERVICE_INFO_DEV}\" \"${PLIST_DESTINATION}\"\nfi\n";
		};
		3E77493D246B2DCD001EEF46 /* Crashlytics run script */ = {
			isa = PBXShellScriptBuildPhase;
			buildActionMask = 2147483647;
			files = (
			);
			inputFileListPaths = (
			);
			inputPaths = (
			);
			name = "Crashlytics run script";
			outputFileListPaths = (
			);
			outputPaths = (
			);
			runOnlyForDeploymentPostprocessing = 0;
			shellPath = /bin/sh;
			shellScript = "\"${PODS_ROOT}/Fabric/run\"\n";
		};
		65E63F17F00318677FB06622 /* [CP] Copy Pods Resources */ = {
			isa = PBXShellScriptBuildPhase;
			buildActionMask = 2147483647;
			files = (
			);
			inputPaths = (
				"${PODS_ROOT}/Target Support Files/Pods-ElitePlusApp/Pods-ElitePlusApp-resources.sh",
				"${PODS_ROOT}/../../node_modules/react-native-vector-icons/Fonts/AntDesign.ttf",
				"${PODS_ROOT}/../../node_modules/react-native-vector-icons/Fonts/Entypo.ttf",
				"${PODS_ROOT}/../../node_modules/react-native-vector-icons/Fonts/EvilIcons.ttf",
				"${PODS_ROOT}/../../node_modules/react-native-vector-icons/Fonts/Feather.ttf",
				"${PODS_ROOT}/../../node_modules/react-native-vector-icons/Fonts/FontAwesome.ttf",
				"${PODS_ROOT}/../../node_modules/react-native-vector-icons/Fonts/FontAwesome5_Brands.ttf",
				"${PODS_ROOT}/../../node_modules/react-native-vector-icons/Fonts/FontAwesome5_Regular.ttf",
				"${PODS_ROOT}/../../node_modules/react-native-vector-icons/Fonts/FontAwesome5_Solid.ttf",
				"${PODS_ROOT}/../../node_modules/react-native-vector-icons/Fonts/Fontisto.ttf",
				"${PODS_ROOT}/../../node_modules/react-native-vector-icons/Fonts/Foundation.ttf",
				"${PODS_ROOT}/../../node_modules/react-native-vector-icons/Fonts/Ionicons.ttf",
				"${PODS_ROOT}/../../node_modules/react-native-vector-icons/Fonts/MaterialCommunityIcons.ttf",
				"${PODS_ROOT}/../../node_modules/react-native-vector-icons/Fonts/MaterialIcons.ttf",
				"${PODS_ROOT}/../../node_modules/react-native-vector-icons/Fonts/Octicons.ttf",
				"${PODS_ROOT}/../../node_modules/react-native-vector-icons/Fonts/SimpleLineIcons.ttf",
				"${PODS_ROOT}/../../node_modules/react-native-vector-icons/Fonts/Zocial.ttf",
			);
			name = "[CP] Copy Pods Resources";
			outputPaths = (
				"${TARGET_BUILD_DIR}/${UNLOCALIZED_RESOURCES_FOLDER_PATH}/AntDesign.ttf",
				"${TARGET_BUILD_DIR}/${UNLOCALIZED_RESOURCES_FOLDER_PATH}/Entypo.ttf",
				"${TARGET_BUILD_DIR}/${UNLOCALIZED_RESOURCES_FOLDER_PATH}/EvilIcons.ttf",
				"${TARGET_BUILD_DIR}/${UNLOCALIZED_RESOURCES_FOLDER_PATH}/Feather.ttf",
				"${TARGET_BUILD_DIR}/${UNLOCALIZED_RESOURCES_FOLDER_PATH}/FontAwesome.ttf",
				"${TARGET_BUILD_DIR}/${UNLOCALIZED_RESOURCES_FOLDER_PATH}/FontAwesome5_Brands.ttf",
				"${TARGET_BUILD_DIR}/${UNLOCALIZED_RESOURCES_FOLDER_PATH}/FontAwesome5_Regular.ttf",
				"${TARGET_BUILD_DIR}/${UNLOCALIZED_RESOURCES_FOLDER_PATH}/FontAwesome5_Solid.ttf",
				"${TARGET_BUILD_DIR}/${UNLOCALIZED_RESOURCES_FOLDER_PATH}/Fontisto.ttf",
				"${TARGET_BUILD_DIR}/${UNLOCALIZED_RESOURCES_FOLDER_PATH}/Foundation.ttf",
				"${TARGET_BUILD_DIR}/${UNLOCALIZED_RESOURCES_FOLDER_PATH}/Ionicons.ttf",
				"${TARGET_BUILD_DIR}/${UNLOCALIZED_RESOURCES_FOLDER_PATH}/MaterialCommunityIcons.ttf",
				"${TARGET_BUILD_DIR}/${UNLOCALIZED_RESOURCES_FOLDER_PATH}/MaterialIcons.ttf",
				"${TARGET_BUILD_DIR}/${UNLOCALIZED_RESOURCES_FOLDER_PATH}/Octicons.ttf",
				"${TARGET_BUILD_DIR}/${UNLOCALIZED_RESOURCES_FOLDER_PATH}/SimpleLineIcons.ttf",
				"${TARGET_BUILD_DIR}/${UNLOCALIZED_RESOURCES_FOLDER_PATH}/Zocial.ttf",
			);
			runOnlyForDeploymentPostprocessing = 0;
			shellPath = /bin/sh;
			shellScript = "\"${PODS_ROOT}/Target Support Files/Pods-ElitePlusApp/Pods-ElitePlusApp-resources.sh\"\n";
			showEnvVarsInLog = 0;
		};
		FD10A7F022414F080027D42C /* Start Packager */ = {
			isa = PBXShellScriptBuildPhase;
			buildActionMask = 2147483647;
			files = (
			);
			inputFileListPaths = (
			);
			inputPaths = (
			);
			name = "Start Packager";
			outputFileListPaths = (
			);
			outputPaths = (
			);
			runOnlyForDeploymentPostprocessing = 0;
			shellPath = /bin/sh;
			shellScript = "export RCT_METRO_PORT=\"${RCT_METRO_PORT:=8081}\"\necho \"export RCT_METRO_PORT=${RCT_METRO_PORT}\" > \"${SRCROOT}/../node_modules/react-native/scripts/.packager.env\"\nif [ -z \"${RCT_NO_LAUNCH_PACKAGER+xxx}\" ] ; then\n  if nc -w 5 -z localhost ${RCT_METRO_PORT} ; then\n    if ! curl -s \"http://localhost:${RCT_METRO_PORT}/status\" | grep -q \"packager-status:running\" ; then\n      echo \"Port ${RCT_METRO_PORT} already in use, packager is either not running or not running correctly\"\n      exit 2\n    fi\n  else\n    open \"$SRCROOT/../node_modules/react-native/scripts/launchPackager.command\" || echo \"Can't start packager automatically\"\n  fi\nfi\n";
			showEnvVarsInLog = 0;
		};
/* End PBXShellScriptBuildPhase section */

/* Begin PBXSourcesBuildPhase section */
		13B07F871A680F5B00A75B9A /* Sources */ = {
			isa = PBXSourcesBuildPhase;
			buildActionMask = 2147483647;
			files = (
				EA132F0623ED42BD000061F9 /* ReadImageData.m in Sources */,
				13B07FBC1A68108700A75B9A /* AppDelegate.m in Sources */,
				3E7A871623D832C000457EEF /* RSA.m in Sources */,
				13B07FC11A68108700A75B9A /* main.m in Sources */,
				E27A3B3F23F2D20D00CDC2BD /* RNAppStoreReview.m in Sources */,
				3E7A871223D8328E00457EEF /* RSA.swift in Sources */,
				3E7A871423D832AB00457EEF /* RSAConverter.swift in Sources */,
			);
			runOnlyForDeploymentPostprocessing = 0;
		};
/* End PBXSourcesBuildPhase section */

/* Begin PBXVariantGroup section */
		13B07FB11A68108700A75B9A /* LaunchScreen.xib */ = {
			isa = PBXVariantGroup;
			children = (
				13B07FB21A68108700A75B9A /* Base */,
			);
			name = LaunchScreen.xib;
			path = ElitePlusApp;
			sourceTree = "<group>";
		};
/* End PBXVariantGroup section */

/* Begin XCBuildConfiguration section */
		13B07F941A680F5B00A75B9A /* Debug */ = {
			isa = XCBuildConfiguration;
			baseConfigurationReference = 91ED3523D342441CE9551C5B /* Pods-ElitePlusApp.debug.xcconfig */;
			buildSettings = {
				ASSETCATALOG_COMPILER_APPICON_NAME = AppIcon;
				CLANG_ENABLE_MODULES = YES;
				CODE_SIGN_ENTITLEMENTS = ElitePlusApp/ElitePlusApp.entitlements;
				CURRENT_PROJECT_VERSION = 1;
				DEAD_CODE_STRIPPING = NO;
				DEVELOPMENT_TEAM = 3JU72Z7Y3J;
				INFOPLIST_FILE = ElitePlusApp/Info.plist;
				INTERMEDIATES_OUTPUT_DIR = "${PROJECT_DIR}/build/intermediates";
				LD_RUNPATH_SEARCH_PATHS = "$(inherited) @executable_path/Frameworks";
				OTHER_LDFLAGS = (
					"$(inherited)",
					"-ObjC",
					"-lc++",
				);
				PRODUCT_BUNDLE_IDENTIFIER = com.samsung.carrier.elite;
				PRODUCT_NAME = ElitePlusApp;
				SCHEME_FILE = "${INTERMEDIATES_OUTPUT_DIR}/scheme";
				SWIFT_OBJC_BRIDGING_HEADER = "ElitePlusApp-Bridging-Header.h";
				SWIFT_OPTIMIZATION_LEVEL = "-Onone";
				SWIFT_VERSION = 4.2;
				VERSIONING_SYSTEM = "apple-generic";
			};
			name = Debug;
		};
		13B07F951A680F5B00A75B9A /* Release */ = {
			isa = XCBuildConfiguration;
			baseConfigurationReference = 3CDA9ADECACB481D21F9AF23 /* Pods-ElitePlusApp.release.xcconfig */;
			buildSettings = {
				ASSETCATALOG_COMPILER_APPICON_NAME = AppIcon;
				CLANG_ENABLE_MODULES = YES;
				CODE_SIGN_ENTITLEMENTS = ElitePlusApp/ElitePlusApp.entitlements;
				CURRENT_PROJECT_VERSION = 1;
				DEVELOPMENT_TEAM = 3JU72Z7Y3J;
				INFOPLIST_FILE = ElitePlusApp/Info.plist;
				INTERMEDIATES_OUTPUT_DIR = "${PROJECT_DIR}/build/intermediates";
				LD_RUNPATH_SEARCH_PATHS = "$(inherited) @executable_path/Frameworks";
				OTHER_LDFLAGS = (
					"$(inherited)",
					"-ObjC",
					"-lc++",
				);
				PRODUCT_BUNDLE_IDENTIFIER = com.samsung.carrier.elite;
				PRODUCT_NAME = ElitePlusApp;
				SCHEME_FILE = "${INTERMEDIATES_OUTPUT_DIR}/scheme";
				SWIFT_OBJC_BRIDGING_HEADER = "ElitePlusApp-Bridging-Header.h";
				SWIFT_VERSION = 4.2;
				VERSIONING_SYSTEM = "apple-generic";
			};
			name = Release;
		};
		3E3E5DC72357E255003FE75F /* Debug */ = {
			isa = XCBuildConfiguration;
			buildSettings = {
				CLANG_ANALYZER_NONNULL = YES;
				CLANG_ANALYZER_NUMBER_OBJECT_CONVERSION = YES_AGGRESSIVE;
				CLANG_CXX_LANGUAGE_STANDARD = "gnu++14";
				CLANG_ENABLE_OBJC_WEAK = YES;
				CLANG_WARN_DOCUMENTATION_COMMENTS = YES;
				CLANG_WARN_UNGUARDED_AVAILABILITY = YES_AGGRESSIVE;
				CODE_SIGN_STYLE = Automatic;
				DEBUGGING_SYMBOLS = YES;
				DEBUG_INFORMATION_FORMAT = dwarf;
				DEVELOPMENT_TEAM = 3JU72Z7Y3J;
				GCC_C_LANGUAGE_STANDARD = gnu11;
				GCC_GENERATE_DEBUGGING_SYMBOLS = YES;
				GCC_OPTIMIZATION_LEVEL = 0;
				MTL_ENABLE_DEBUG_INFO = INCLUDE_SOURCE;
				MTL_FAST_MATH = YES;
				OTHER_CFLAGS = "";
				OTHER_LDFLAGS = "";
				PRODUCT_NAME = "$(TARGET_NAME)";
			};
			name = Debug;
		};
		3E3E5DC82357E255003FE75F /* Release */ = {
			isa = XCBuildConfiguration;
			buildSettings = {
				CLANG_ANALYZER_NONNULL = YES;
				CLANG_ANALYZER_NUMBER_OBJECT_CONVERSION = YES_AGGRESSIVE;
				CLANG_CXX_LANGUAGE_STANDARD = "gnu++14";
				CLANG_ENABLE_OBJC_WEAK = YES;
				CLANG_WARN_DOCUMENTATION_COMMENTS = YES;
				CLANG_WARN_UNGUARDED_AVAILABILITY = YES_AGGRESSIVE;
				CODE_SIGN_STYLE = Automatic;
				COPY_PHASE_STRIP = NO;
				DEBUG_INFORMATION_FORMAT = "dwarf-with-dsym";
				DEVELOPMENT_TEAM = 3JU72Z7Y3J;
				GCC_C_LANGUAGE_STANDARD = gnu11;
				MTL_FAST_MATH = YES;
				OTHER_CFLAGS = "";
				OTHER_LDFLAGS = "";
				PRODUCT_NAME = "$(TARGET_NAME)";
			};
			name = Release;
		};
		83CBBA201A601CBA00E9B192 /* Debug */ = {
			isa = XCBuildConfiguration;
			buildSettings = {
				ALWAYS_SEARCH_USER_PATHS = NO;
				CLANG_CXX_LANGUAGE_STANDARD = "gnu++0x";
				CLANG_CXX_LIBRARY = "libc++";
				CLANG_ENABLE_MODULES = YES;
				CLANG_ENABLE_OBJC_ARC = YES;
				CLANG_WARN_BLOCK_CAPTURE_AUTORELEASING = YES;
				CLANG_WARN_BOOL_CONVERSION = YES;
				CLANG_WARN_COMMA = YES;
				CLANG_WARN_CONSTANT_CONVERSION = YES;
				CLANG_WARN_DEPRECATED_OBJC_IMPLEMENTATIONS = YES;
				CLANG_WARN_DIRECT_OBJC_ISA_USAGE = YES_ERROR;
				CLANG_WARN_EMPTY_BODY = YES;
				CLANG_WARN_ENUM_CONVERSION = YES;
				CLANG_WARN_INFINITE_RECURSION = YES;
				CLANG_WARN_INT_CONVERSION = YES;
				CLANG_WARN_NON_LITERAL_NULL_CONVERSION = YES;
				CLANG_WARN_OBJC_IMPLICIT_RETAIN_SELF = YES;
				CLANG_WARN_OBJC_LITERAL_CONVERSION = YES;
				CLANG_WARN_OBJC_ROOT_CLASS = YES_ERROR;
				CLANG_WARN_RANGE_LOOP_ANALYSIS = YES;
				CLANG_WARN_STRICT_PROTOTYPES = YES;
				CLANG_WARN_SUSPICIOUS_MOVE = YES;
				CLANG_WARN_UNREACHABLE_CODE = YES;
				CLANG_WARN__DUPLICATE_METHOD_MATCH = YES;
				"CODE_SIGN_IDENTITY[sdk=iphoneos*]" = "iPhone Developer";
				COPY_PHASE_STRIP = NO;
				ENABLE_STRICT_OBJC_MSGSEND = YES;
				ENABLE_TESTABILITY = YES;
				GCC_C_LANGUAGE_STANDARD = gnu99;
				GCC_DYNAMIC_NO_PIC = NO;
				GCC_NO_COMMON_BLOCKS = YES;
				GCC_OPTIMIZATION_LEVEL = 0;
				GCC_PREPROCESSOR_DEFINITIONS = (
					"DEBUG=1",
					"$(inherited)",
				);
				GCC_SYMBOLS_PRIVATE_EXTERN = NO;
				GCC_WARN_64_TO_32_BIT_CONVERSION = YES;
				GCC_WARN_ABOUT_RETURN_TYPE = YES_ERROR;
				GCC_WARN_UNDECLARED_SELECTOR = YES;
				GCC_WARN_UNINITIALIZED_AUTOS = YES_AGGRESSIVE;
				GCC_WARN_UNUSED_FUNCTION = YES;
				GCC_WARN_UNUSED_VARIABLE = YES;
				IPHONEOS_DEPLOYMENT_TARGET = 9.0;
				MTL_ENABLE_DEBUG_INFO = YES;
				ONLY_ACTIVE_ARCH = YES;
				SDKROOT = iphoneos;
			};
			name = Debug;
		};
		83CBBA211A601CBA00E9B192 /* Release */ = {
			isa = XCBuildConfiguration;
			buildSettings = {
				ALWAYS_SEARCH_USER_PATHS = NO;
				CLANG_CXX_LANGUAGE_STANDARD = "gnu++0x";
				CLANG_CXX_LIBRARY = "libc++";
				CLANG_ENABLE_MODULES = YES;
				CLANG_ENABLE_OBJC_ARC = YES;
				CLANG_WARN_BLOCK_CAPTURE_AUTORELEASING = YES;
				CLANG_WARN_BOOL_CONVERSION = YES;
				CLANG_WARN_COMMA = YES;
				CLANG_WARN_CONSTANT_CONVERSION = YES;
				CLANG_WARN_DEPRECATED_OBJC_IMPLEMENTATIONS = YES;
				CLANG_WARN_DIRECT_OBJC_ISA_USAGE = YES_ERROR;
				CLANG_WARN_EMPTY_BODY = YES;
				CLANG_WARN_ENUM_CONVERSION = YES;
				CLANG_WARN_INFINITE_RECURSION = YES;
				CLANG_WARN_INT_CONVERSION = YES;
				CLANG_WARN_NON_LITERAL_NULL_CONVERSION = YES;
				CLANG_WARN_OBJC_IMPLICIT_RETAIN_SELF = YES;
				CLANG_WARN_OBJC_LITERAL_CONVERSION = YES;
				CLANG_WARN_OBJC_ROOT_CLASS = YES_ERROR;
				CLANG_WARN_RANGE_LOOP_ANALYSIS = YES;
				CLANG_WARN_STRICT_PROTOTYPES = YES;
				CLANG_WARN_SUSPICIOUS_MOVE = YES;
				CLANG_WARN_UNREACHABLE_CODE = YES;
				CLANG_WARN__DUPLICATE_METHOD_MATCH = YES;
				"CODE_SIGN_IDENTITY[sdk=iphoneos*]" = "iPhone Developer";
				COPY_PHASE_STRIP = YES;
				ENABLE_NS_ASSERTIONS = NO;
				ENABLE_STRICT_OBJC_MSGSEND = YES;
				GCC_C_LANGUAGE_STANDARD = gnu99;
				GCC_NO_COMMON_BLOCKS = YES;
				GCC_WARN_64_TO_32_BIT_CONVERSION = YES;
				GCC_WARN_ABOUT_RETURN_TYPE = YES_ERROR;
				GCC_WARN_UNDECLARED_SELECTOR = YES;
				GCC_WARN_UNINITIALIZED_AUTOS = YES_AGGRESSIVE;
				GCC_WARN_UNUSED_FUNCTION = YES;
				GCC_WARN_UNUSED_VARIABLE = YES;
				IPHONEOS_DEPLOYMENT_TARGET = 9.0;
				MTL_ENABLE_DEBUG_INFO = NO;
				SDKROOT = iphoneos;
				VALIDATE_PRODUCT = YES;
			};
			name = Release;
		};
/* End XCBuildConfiguration section */

/* Begin XCConfigurationList section */
		13B07F931A680F5B00A75B9A /* Build configuration list for PBXNativeTarget "ElitePlusApp" */ = {
			isa = XCConfigurationList;
			buildConfigurations = (
				13B07F941A680F5B00A75B9A /* Debug */,
				13B07F951A680F5B00A75B9A /* Release */,
			);
			defaultConfigurationIsVisible = 0;
			defaultConfigurationName = Release;
		};
		3E3E5DC92357E255003FE75F /* Build configuration list for PBXLegacyTarget "build-env" */ = {
			isa = XCConfigurationList;
			buildConfigurations = (
				3E3E5DC72357E255003FE75F /* Debug */,
				3E3E5DC82357E255003FE75F /* Release */,
			);
			defaultConfigurationIsVisible = 0;
			defaultConfigurationName = Release;
		};
		83CBB9FA1A601CBA00E9B192 /* Build configuration list for PBXProject "ElitePlusApp" */ = {
			isa = XCConfigurationList;
			buildConfigurations = (
				83CBBA201A601CBA00E9B192 /* Debug */,
				83CBBA211A601CBA00E9B192 /* Release */,
			);
			defaultConfigurationIsVisible = 0;
			defaultConfigurationName = Release;
		};
/* End XCConfigurationList section */
	};
	rootObject = 83CBB9F71A601CBA00E9B192 /* Project object */;
}
